{
    "name": "mdsummarize",
    "version": "0.1.0",
    "lockfileVersion": 1,
    "requires": true,
    "dependencies": {
        "ifopt": {
            "version": "1.6.1",
            "resolved": "https://registry.npmjs.org/ifopt/-/ifopt-1.6.1.tgz",
            "integrity": "sha512-6403Kx1lc8alc0OqWGBhsCURQYsjN7TJA1kkLy5Iwgqf2XFfGQlowOZE4PJpHiCQRV2Ud6g+QDrBZuQp8zI77A==",
            "requires": {
                "nativejs-proto-extensions": "^0.2.0"
            }
        },
        "nativejs-proto-extensions": {
            "version": "0.2.0",
            "resolved": "https://registry.npmjs.org/nativejs-proto-extensions/-/nativejs-proto-extensions-0.2.0.tgz",
            "integrity": "sha512-u9XLy/JNdWeHU1ACSy10KyyVSHM5W7ee0D6Kx207DJBTc9J9E9J5jax6ymVMQIRtALmH/jwkU0Vsd/ipgb1RGg=="
        }
    }
}
