{
    "name": "mdsummarize",
    "version": "1.0.0",
    "lockfileVersion": 1,
    "requires": true,
    "dependencies": {
        "ifopt": {
            "version": "1.1.1",
            "resolved": "https://registry.npmjs.org/ifopt/-/ifopt-1.1.1.tgz",
            "integrity": "sha512-GiBnVBe4nkNZz2A08RsmpR7YZmI8zDMsWufS0Fp3V7WwXkcAMfg89Wbfw49iTXjSuFJDu+3UvFqUGcRue9oy3Q=="
        }
    }
}
